
Microsoft Visual Studio Solution File, Format Version 12.00
# Visual Studio Version 17
VisualStudioVersion = 17.8.34525.116
MinimumVisualStudioVersion = 10.0.40219.1
Project("{9A19103F-16F7-4668-BE54-9A1E7A4F7556}") = "Pistes.Lifts.IO.TGNotificator", "Pistes.Lifts.IO.TGNotificator.csproj", "{914DC070-22C9-46B8-8E4D-F7064BB572BB}"
EndProject
Project("{2150E333-8FDC-42A3-9474-1A3956D46DE8}") = "Infrastructure", "Infrastructure", "{9CC29C8D-517E-4B56-A964-8251BB545C8B}"
EndProject
Project("{9A19103F-16F7-4668-BE54-9A1E7A4F7556}") = "Postes.Lifts.IO.Infrastructure", "..\Postes.Lifts.IO.Infrastructure\Postes.Lifts.IO.Infrastructure.csproj", "{7B60EA00-DCA0-4A56-9A7E-8A9589B6DA4C}"
EndProject
Global
	GlobalSection(SolutionConfigurationPlatforms) = preSolution
		Debug|Any CPU = Debug|Any CPU
		Release|Any CPU = Release|Any CPU
	EndGlobalSection
	GlobalSection(ProjectConfigurationPlatforms) = postSolution
		{914DC070-22C9-46B8-8E4D-F7064BB572BB}.Debug|Any CPU.ActiveCfg = Debug|Any CPU
		{914DC070-22C9-46B8-8E4D-F7064BB572BB}.Debug|Any CPU.Build.0 = Debug|Any CPU
		{914DC070-22C9-46B8-8E4D-F7064BB572BB}.Release|Any CPU.ActiveCfg = Release|Any CPU
		{914DC070-22C9-46B8-8E4D-F7064BB572BB}.Release|Any CPU.Build.0 = Release|Any CPU
		{7B60EA00-DCA0-4A56-9A7E-8A9589B6DA4C}.Debug|Any CPU.ActiveCfg = Debug|Any CPU
		{7B60EA00-DCA0-4A56-9A7E-8A9589B6DA4C}.Debug|Any CPU.Build.0 = Debug|Any CPU
		{7B60EA00-DCA0-4A56-9A7E-8A9589B6DA4C}.Release|Any CPU.ActiveCfg = Release|Any CPU
		{7B60EA00-DCA0-4A56-9A7E-8A9589B6DA4C}.Release|Any CPU.Build.0 = Release|Any CPU
	EndGlobalSection
	GlobalSection(SolutionProperties) = preSolution
		HideSolutionNode = FALSE
	EndGlobalSection
	GlobalSection(NestedProjects) = preSolution
		{7B60EA00-DCA0-4A56-9A7E-8A9589B6DA4C} = {9CC29C8D-517E-4B56-A964-8251BB545C8B}
	EndGlobalSection
	GlobalSection(ExtensibilityGlobals) = postSolution
		SolutionGuid = {653F5535-4CA1-4E9B-8AE7-44A0AF4E7E1B}
	EndGlobalSection
EndGlobal
